
Microsoft Visual Studio Solution File, Format Version 12.00
# Visual Studio 2013
VisualStudioVersion = 12.0.21005.1
MinimumVisualStudioVersion = 10.0.40219.1
Project("{8BC9CEB8-8B4A-11D0-8D11-00A0C91BC942}") = "TwoSum", "TwoSum\LeetCode.vcxproj", "{26070F78-CC6A-4893-BE37-93CF19C0475E}"
EndProject
Project("{8BC9CEB8-8B4A-11D0-8D11-00A0C91BC942}") = "AddTwoNumbers", "AddTwoNumbers\AddTwoNumbers.vcxproj", "{122C9F3C-9C10-4F45-B3BE-4E8D9F5A493E}"
EndProject
Project("{8BC9CEB8-8B4A-11D0-8D11-00A0C91BC942}") = "Longest Substring Without Repeating Characters", "Longest Substring Without Repeating Characters\Longest Substring Without Repeating Characters.vcxproj", "{5228510A-7439-43B6-97D3-ABC3C47B9091}"
EndProject
Project("{8BC9CEB8-8B4A-11D0-8D11-00A0C91BC942}") = "MedianofTwoSortedArrays", "MedianofTwoSortedArrays\MedianofTwoSortedArrays.vcxproj", "{A862D806-467E-49AF-B45C-02777BD4F83D}"
EndProject
Project("{8BC9CEB8-8B4A-11D0-8D11-00A0C91BC942}") = "LongestPalindromicSubstring", "LongestPalindromicSubstring\LongestPalindromicSubstring.vcxproj", "{01BC8BB3-5197-4AF5-A097-38A150E0C0EE}"
EndProject
Project("{8BC9CEB8-8B4A-11D0-8D11-00A0C91BC942}") = "SubstringwithConcatenationofAllWords", "SubstringwithConcatenationofAllWords\SubstringwithConcatenationofAllWords.vcxproj", "{E3116E64-CED9-4F74-AA3B-A51AF9885FAF}"
EndProject
Project("{8BC9CEB8-8B4A-11D0-8D11-00A0C91BC942}") = "LongestValidParentheses", "LongestValidParentheses\LongestValidParentheses.vcxproj", "{9F3B29F6-2708-4EF3-8CCA-736C6D598522}"
EndProject
Project("{8BC9CEB8-8B4A-11D0-8D11-00A0C91BC942}") = "SearchinRotatedSortedArray", "SearchinRotatedSortedArray\SearchinRotatedSortedArray.vcxproj", "{D95CA308-8651-46F5-9E36-9AA4B0D15136}"
EndProject
Project("{8BC9CEB8-8B4A-11D0-8D11-00A0C91BC942}") = "SearchforaRange", "SearchforaRange\SearchforaRange.vcxproj", "{536FD001-7A80-4E13-8A92-119B13831247}"
EndProject
Project("{8BC9CEB8-8B4A-11D0-8D11-00A0C91BC942}") = "SearchInsertPosition", "SearchInsertPosition\SearchInsertPosition.vcxproj", "{6B39867D-56BB-4D07-BA66-785CC8B6FA78}"
EndProject
Project("{8BC9CEB8-8B4A-11D0-8D11-00A0C91BC942}") = "SudokuSolver", "SudokuSolver\SudokuSolver.vcxproj", "{75F851EF-D60B-45BB-A0EF-375918F183DB}"
EndProject
Project("{8BC9CEB8-8B4A-11D0-8D11-00A0C91BC942}") = "CombinationSum", "CombinationSum\CombinationSum.vcxproj", "{DF840401-86D5-42FA-9388-B66814E95E83}"
EndProject
Project("{8BC9CEB8-8B4A-11D0-8D11-00A0C91BC942}") = "CombinationSumII", "CombinationSumII\CombinationSumII.vcxproj", "{95F08187-6B61-420C-AE2C-99FDC483ABAF}"
EndProject
Project("{8BC9CEB8-8B4A-11D0-8D11-00A0C91BC942}") = "FirstMissingPositive", "FirstMissingPositive\FirstMissingPositive.vcxproj", "{D7466A5A-D5CB-4B43-928C-8E2F833BD2F9}"
EndProject
Project("{8BC9CEB8-8B4A-11D0-8D11-00A0C91BC942}") = "TrappingRainWater", "TrappingRainWater\TrappingRainWater.vcxproj", "{B17B5ADE-6D93-459E-B592-CC42B1ED983A}"
EndProject
Project("{8BC9CEB8-8B4A-11D0-8D11-00A0C91BC942}") = "MultiplyStrings", "MultiplyStrings\MultiplyStrings.vcxproj", "{5E206217-A1B1-4DAC-8CFF-D52339B78373}"
EndProject
Project("{8BC9CEB8-8B4A-11D0-8D11-00A0C91BC942}") = "WildcardMatching", "WildcardMatching\WildcardMatching.vcxproj", "{14D0D7D9-632C-4F06-9DFE-353E3D0A6DB2}"
EndProject
Project("{8BC9CEB8-8B4A-11D0-8D11-00A0C91BC942}") = "Permutations", "permutations\permutations.vcxproj", "{29E844DE-0E4B-4BB1-9ABA-40D9CAC7C416}"
EndProject
Project("{8BC9CEB8-8B4A-11D0-8D11-00A0C91BC942}") = "PermutationsII", "PermutationsII\PermutationsII.vcxproj", "{F860BCF4-58CE-48B7-8358-6C83C446D09D}"
EndProject
Project("{8BC9CEB8-8B4A-11D0-8D11-00A0C91BC942}") = "RotateImage", "RotateImage\RotateImage.vcxproj", "{D5F2B83F-EB85-47A6-B41D-6C9BAD65CFF5}"
EndProject
Global
	GlobalSection(SolutionConfigurationPlatforms) = preSolution
		Debug|Win32 = Debug|Win32
		Release|Win32 = Release|Win32
	EndGlobalSection
	GlobalSection(ProjectConfigurationPlatforms) = postSolution
		{26070F78-CC6A-4893-BE37-93CF19C0475E}.Debug|Win32.ActiveCfg = Debug|Win32
		{26070F78-CC6A-4893-BE37-93CF19C0475E}.Debug|Win32.Build.0 = Debug|Win32
		{26070F78-CC6A-4893-BE37-93CF19C0475E}.Release|Win32.ActiveCfg = Release|Win32
		{26070F78-CC6A-4893-BE37-93CF19C0475E}.Release|Win32.Build.0 = Release|Win32
		{122C9F3C-9C10-4F45-B3BE-4E8D9F5A493E}.Debug|Win32.ActiveCfg = Debug|Win32
		{122C9F3C-9C10-4F45-B3BE-4E8D9F5A493E}.Debug|Win32.Build.0 = Debug|Win32
		{122C9F3C-9C10-4F45-B3BE-4E8D9F5A493E}.Release|Win32.ActiveCfg = Release|Win32
		{122C9F3C-9C10-4F45-B3BE-4E8D9F5A493E}.Release|Win32.Build.0 = Release|Win32
		{5228510A-7439-43B6-97D3-ABC3C47B9091}.Debug|Win32.ActiveCfg = Debug|Win32
		{5228510A-7439-43B6-97D3-ABC3C47B9091}.Debug|Win32.Build.0 = Debug|Win32
		{5228510A-7439-43B6-97D3-ABC3C47B9091}.Release|Win32.ActiveCfg = Release|Win32
		{5228510A-7439-43B6-97D3-ABC3C47B9091}.Release|Win32.Build.0 = Release|Win32
		{A862D806-467E-49AF-B45C-02777BD4F83D}.Debug|Win32.ActiveCfg = Debug|Win32
		{A862D806-467E-49AF-B45C-02777BD4F83D}.Debug|Win32.Build.0 = Debug|Win32
		{A862D806-467E-49AF-B45C-02777BD4F83D}.Release|Win32.ActiveCfg = Release|Win32
		{A862D806-467E-49AF-B45C-02777BD4F83D}.Release|Win32.Build.0 = Release|Win32
		{01BC8BB3-5197-4AF5-A097-38A150E0C0EE}.Debug|Win32.ActiveCfg = Debug|Win32
		{01BC8BB3-5197-4AF5-A097-38A150E0C0EE}.Debug|Win32.Build.0 = Debug|Win32
		{01BC8BB3-5197-4AF5-A097-38A150E0C0EE}.Release|Win32.ActiveCfg = Release|Win32
		{01BC8BB3-5197-4AF5-A097-38A150E0C0EE}.Release|Win32.Build.0 = Release|Win32
		{E3116E64-CED9-4F74-AA3B-A51AF9885FAF}.Debug|Win32.ActiveCfg = Debug|Win32
		{E3116E64-CED9-4F74-AA3B-A51AF9885FAF}.Debug|Win32.Build.0 = Debug|Win32
		{E3116E64-CED9-4F74-AA3B-A51AF9885FAF}.Release|Win32.ActiveCfg = Release|Win32
		{E3116E64-CED9-4F74-AA3B-A51AF9885FAF}.Release|Win32.Build.0 = Release|Win32
		{9F3B29F6-2708-4EF3-8CCA-736C6D598522}.Debug|Win32.ActiveCfg = Debug|Win32
		{9F3B29F6-2708-4EF3-8CCA-736C6D598522}.Debug|Win32.Build.0 = Debug|Win32
		{9F3B29F6-2708-4EF3-8CCA-736C6D598522}.Release|Win32.ActiveCfg = Release|Win32
		{9F3B29F6-2708-4EF3-8CCA-736C6D598522}.Release|Win32.Build.0 = Release|Win32
		{D95CA308-8651-46F5-9E36-9AA4B0D15136}.Debug|Win32.ActiveCfg = Debug|Win32
		{D95CA308-8651-46F5-9E36-9AA4B0D15136}.Debug|Win32.Build.0 = Debug|Win32
		{D95CA308-8651-46F5-9E36-9AA4B0D15136}.Release|Win32.ActiveCfg = Release|Win32
		{D95CA308-8651-46F5-9E36-9AA4B0D15136}.Release|Win32.Build.0 = Release|Win32
		{536FD001-7A80-4E13-8A92-119B13831247}.Debug|Win32.ActiveCfg = Debug|Win32
		{536FD001-7A80-4E13-8A92-119B13831247}.Debug|Win32.Build.0 = Debug|Win32
		{536FD001-7A80-4E13-8A92-119B13831247}.Release|Win32.ActiveCfg = Release|Win32
		{536FD001-7A80-4E13-8A92-119B13831247}.Release|Win32.Build.0 = Release|Win32
		{6B39867D-56BB-4D07-BA66-785CC8B6FA78}.Debug|Win32.ActiveCfg = Debug|Win32
		{6B39867D-56BB-4D07-BA66-785CC8B6FA78}.Debug|Win32.Build.0 = Debug|Win32
		{6B39867D-56BB-4D07-BA66-785CC8B6FA78}.Release|Win32.ActiveCfg = Release|Win32
		{6B39867D-56BB-4D07-BA66-785CC8B6FA78}.Release|Win32.Build.0 = Release|Win32
		{75F851EF-D60B-45BB-A0EF-375918F183DB}.Debug|Win32.ActiveCfg = Debug|Win32
		{75F851EF-D60B-45BB-A0EF-375918F183DB}.Debug|Win32.Build.0 = Debug|Win32
		{75F851EF-D60B-45BB-A0EF-375918F183DB}.Release|Win32.ActiveCfg = Release|Win32
		{75F851EF-D60B-45BB-A0EF-375918F183DB}.Release|Win32.Build.0 = Release|Win32
		{DF840401-86D5-42FA-9388-B66814E95E83}.Debug|Win32.ActiveCfg = Debug|Win32
		{DF840401-86D5-42FA-9388-B66814E95E83}.Debug|Win32.Build.0 = Debug|Win32
		{DF840401-86D5-42FA-9388-B66814E95E83}.Release|Win32.ActiveCfg = Release|Win32
		{DF840401-86D5-42FA-9388-B66814E95E83}.Release|Win32.Build.0 = Release|Win32
		{95F08187-6B61-420C-AE2C-99FDC483ABAF}.Debug|Win32.ActiveCfg = Debug|Win32
		{95F08187-6B61-420C-AE2C-99FDC483ABAF}.Debug|Win32.Build.0 = Debug|Win32
		{95F08187-6B61-420C-AE2C-99FDC483ABAF}.Release|Win32.ActiveCfg = Release|Win32
		{95F08187-6B61-420C-AE2C-99FDC483ABAF}.Release|Win32.Build.0 = Release|Win32
		{D7466A5A-D5CB-4B43-928C-8E2F833BD2F9}.Debug|Win32.ActiveCfg = Debug|Win32
		{D7466A5A-D5CB-4B43-928C-8E2F833BD2F9}.Debug|Win32.Build.0 = Debug|Win32
		{D7466A5A-D5CB-4B43-928C-8E2F833BD2F9}.Release|Win32.ActiveCfg = Release|Win32
		{D7466A5A-D5CB-4B43-928C-8E2F833BD2F9}.Release|Win32.Build.0 = Release|Win32
		{B17B5ADE-6D93-459E-B592-CC42B1ED983A}.Debug|Win32.ActiveCfg = Debug|Win32
		{B17B5ADE-6D93-459E-B592-CC42B1ED983A}.Debug|Win32.Build.0 = Debug|Win32
		{B17B5ADE-6D93-459E-B592-CC42B1ED983A}.Release|Win32.ActiveCfg = Release|Win32
		{B17B5ADE-6D93-459E-B592-CC42B1ED983A}.Release|Win32.Build.0 = Release|Win32
		{5E206217-A1B1-4DAC-8CFF-D52339B78373}.Debug|Win32.ActiveCfg = Debug|Win32
		{5E206217-A1B1-4DAC-8CFF-D52339B78373}.Debug|Win32.Build.0 = Debug|Win32
		{5E206217-A1B1-4DAC-8CFF-D52339B78373}.Release|Win32.ActiveCfg = Release|Win32
		{5E206217-A1B1-4DAC-8CFF-D52339B78373}.Release|Win32.Build.0 = Release|Win32
		{14D0D7D9-632C-4F06-9DFE-353E3D0A6DB2}.Debug|Win32.ActiveCfg = Debug|Win32
		{14D0D7D9-632C-4F06-9DFE-353E3D0A6DB2}.Debug|Win32.Build.0 = Debug|Win32
		{14D0D7D9-632C-4F06-9DFE-353E3D0A6DB2}.Release|Win32.ActiveCfg = Release|Win32
		{14D0D7D9-632C-4F06-9DFE-353E3D0A6DB2}.Release|Win32.Build.0 = Release|Win32
		{29E844DE-0E4B-4BB1-9ABA-40D9CAC7C416}.Debug|Win32.ActiveCfg = Debug|Win32
		{29E844DE-0E4B-4BB1-9ABA-40D9CAC7C416}.Debug|Win32.Build.0 = Debug|Win32
		{29E844DE-0E4B-4BB1-9ABA-40D9CAC7C416}.Release|Win32.ActiveCfg = Release|Win32
		{29E844DE-0E4B-4BB1-9ABA-40D9CAC7C416}.Release|Win32.Build.0 = Release|Win32
		{F860BCF4-58CE-48B7-8358-6C83C446D09D}.Debug|Win32.ActiveCfg = Debug|Win32
		{F860BCF4-58CE-48B7-8358-6C83C446D09D}.Debug|Win32.Build.0 = Debug|Win32
		{F860BCF4-58CE-48B7-8358-6C83C446D09D}.Release|Win32.ActiveCfg = Release|Win32
		{F860BCF4-58CE-48B7-8358-6C83C446D09D}.Release|Win32.Build.0 = Release|Win32
		{D5F2B83F-EB85-47A6-B41D-6C9BAD65CFF5}.Debug|Win32.ActiveCfg = Debug|Win32
		{D5F2B83F-EB85-47A6-B41D-6C9BAD65CFF5}.Debug|Win32.Build.0 = Debug|Win32
		{D5F2B83F-EB85-47A6-B41D-6C9BAD65CFF5}.Release|Win32.ActiveCfg = Release|Win32
		{D5F2B83F-EB85-47A6-B41D-6C9BAD65CFF5}.Release|Win32.Build.0 = Release|Win32
	EndGlobalSection
	GlobalSection(SolutionProperties) = preSolution
		HideSolutionNode = FALSE
	EndGlobalSection
EndGlobal
